// !$*UTF8*$!
{
	archiveVersion = 1;
	classes = {
	};
	objectVersion = 46;
	objects = {

/* Begin PBXBuildFile section */
		2548E5BD1E6453D200BF670D /* Icon-60@2x.png in Resources */ = {isa = PBXBuildFile; fileRef = 2548E5BB1E6453D200BF670D /* Icon-60@2x.png */; };
		2548E5BE1E6453D200BF670D /* Icon-60@3x.png in Resources */ = {isa = PBXBuildFile; fileRef = 2548E5BC1E6453D200BF670D /* Icon-60@3x.png */; };
		259DF5321E5380B6004C38B7 /* WeatherParser.swift in Sources */ = {isa = PBXBuildFile; fileRef = 259DF5311E5380B6004C38B7 /* WeatherParser.swift */; };
		259DF5341E5380CE004C38B7 /* WeatherAnnotation.swift in Sources */ = {isa = PBXBuildFile; fileRef = 259DF5331E5380CE004C38B7 /* WeatherAnnotation.swift */; };
		25A39E491E562196007912F7 /* CustomViewController.swift in Sources */ = {isa = PBXBuildFile; fileRef = 25A39E481E562196007912F7 /* CustomViewController.swift */; };
		25A954C41E59E12600EC93D6 /* mapButtonOff.png in Resources */ = {isa = PBXBuildFile; fileRef = 25A954B81E59E12600EC93D6 /* mapButtonOff.png */; };
		25A954C51E59E12600EC93D6 /* mapButtonOn.png in Resources */ = {isa = PBXBuildFile; fileRef = 25A954B91E59E12600EC93D6 /* mapButtonOn.png */; };
		25A954C61E59E12600EC93D6 /* moreButtonOff.png in Resources */ = {isa = PBXBuildFile; fileRef = 25A954BA1E59E12600EC93D6 /* moreButtonOff.png */; };
		25A954C71E59E12600EC93D6 /* moreButtonOn.png in Resources */ = {isa = PBXBuildFile; fileRef = 25A954BB1E59E12600EC93D6 /* moreButtonOn.png */; };
		25A954C81E59E12600EC93D6 /* precipitationButtonOff.png in Resources */ = {isa = PBXBuildFile; fileRef = 25A954BC1E59E12600EC93D6 /* precipitationButtonOff.png */; };
		25A954C91E59E12600EC93D6 /* precipitationButtonOn.png in Resources */ = {isa = PBXBuildFile; fileRef = 25A954BD1E59E12600EC93D6 /* precipitationButtonOn.png */; };
		25A954CA1E59E12600EC93D6 /* pressureButtonOff.png in Resources */ = {isa = PBXBuildFile; fileRef = 25A954BE1E59E12600EC93D6 /* pressureButtonOff.png */; };
		25A954CB1E59E12600EC93D6 /* pressureButtonOn.png in Resources */ = {isa = PBXBuildFile; fileRef = 25A954BF1E59E12600EC93D6 /* pressureButtonOn.png */; };
		25A954CC1E59E12600EC93D6 /* temperatureButtonOff.png in Resources */ = {isa = PBXBuildFile; fileRef = 25A954C01E59E12600EC93D6 /* temperatureButtonOff.png */; };
		25A954CD1E59E12600EC93D6 /* temperatureButtonOn.png in Resources */ = {isa = PBXBuildFile; fileRef = 25A954C11E59E12600EC93D6 /* temperatureButtonOn.png */; };
		25A954CE1E59E12600EC93D6 /* windButtonOff.png in Resources */ = {isa = PBXBuildFile; fileRef = 25A954C21E59E12600EC93D6 /* windButtonOff.png */; };
		25A954CF1E59E12600EC93D6 /* windButtonOn.png in Resources */ = {isa = PBXBuildFile; fileRef = 25A954C31E59E12600EC93D6 /* windButtonOn.png */; };
		25DCFEC61E78246E000D8B5F /* weatherpredicting.jpg in Resources */ = {isa = PBXBuildFile; fileRef = 25DCFEC51E78246E000D8B5F /* weatherpredicting.jpg */; };
		481E466A1E48F9250028E574 /* AppDelegate.swift in Sources */ = {isa = PBXBuildFile; fileRef = 481E46691E48F9250028E574 /* AppDelegate.swift */; };
		481E466C1E48F9250028E574 /* ViewController.swift in Sources */ = {isa = PBXBuildFile; fileRef = 481E466B1E48F9250028E574 /* ViewController.swift */; };
		481E466F1E48F9250028E574 /* Main.storyboard in Resources */ = {isa = PBXBuildFile; fileRef = 481E466D1E48F9250028E574 /* Main.storyboard */; };
		481E46711E48F9250028E574 /* Assets.xcassets in Resources */ = {isa = PBXBuildFile; fileRef = 481E46701E48F9250028E574 /* Assets.xcassets */; };
		481E46741E48F9250028E574 /* LaunchScreen.storyboard in Resources */ = {isa = PBXBuildFile; fileRef = 481E46721E48F9250028E574 /* LaunchScreen.storyboard */; };
/* End PBXBuildFile section */

/* Begin PBXFileReference section */
		2548E5BB1E6453D200BF670D /* Icon-60@2x.png */ = {isa = PBXFileReference; lastKnownFileType = image.png; name = "Icon-60@2x.png"; path = "Icons/Icon-60@2x.png"; sourceTree = SOURCE_ROOT; };
		2548E5BC1E6453D200BF670D /* Icon-60@3x.png */ = {isa = PBXFileReference; lastKnownFileType = image.png; name = "Icon-60@3x.png"; path = "Icons/Icon-60@3x.png"; sourceTree = SOURCE_ROOT; };
		259DF5311E5380B6004C38B7 /* WeatherParser.swift */ = {isa = PBXFileReference; fileEncoding = 4; lastKnownFileType = sourcecode.swift; path = WeatherParser.swift; sourceTree = "<group>"; };
		259DF5331E5380CE004C38B7 /* WeatherAnnotation.swift */ = {isa = PBXFileReference; fileEncoding = 4; lastKnownFileType = sourcecode.swift; path = WeatherAnnotation.swift; sourceTree = "<group>"; };
		25A39E481E562196007912F7 /* CustomViewController.swift */ = {isa = PBXFileReference; fileEncoding = 4; lastKnownFileType = sourcecode.swift; path = CustomViewController.swift; sourceTree = "<group>"; };
		25A954B81E59E12600EC93D6 /* mapButtonOff.png */ = {isa = PBXFileReference; lastKnownFileType = image.png; name = mapButtonOff.png; path = Buttons/mapButtonOff.png; sourceTree = SOURCE_ROOT; };
		25A954B91E59E12600EC93D6 /* mapButtonOn.png */ = {isa = PBXFileReference; lastKnownFileType = image.png; name = mapButtonOn.png; path = Buttons/mapButtonOn.png; sourceTree = SOURCE_ROOT; };
		25A954BA1E59E12600EC93D6 /* moreButtonOff.png */ = {isa = PBXFileReference; lastKnownFileType = image.png; name = moreButtonOff.png; path = Buttons/moreButtonOff.png; sourceTree = SOURCE_ROOT; };
		25A954BB1E59E12600EC93D6 /* moreButtonOn.png */ = {isa = PBXFileReference; lastKnownFileType = image.png; name = moreButtonOn.png; path = Buttons/moreButtonOn.png; sourceTree = SOURCE_ROOT; };
		25A954BC1E59E12600EC93D6 /* precipitationButtonOff.png */ = {isa = PBXFileReference; lastKnownFileType = image.png; name = precipitationButtonOff.png; path = Buttons/precipitationButtonOff.png; sourceTree = SOURCE_ROOT; };
		25A954BD1E59E12600EC93D6 /* precipitationButtonOn.png */ = {isa = PBXFileReference; lastKnownFileType = image.png; name = precipitationButtonOn.png; path = Buttons/precipitationButtonOn.png; sourceTree = SOURCE_ROOT; };
		25A954BE1E59E12600EC93D6 /* pressureButtonOff.png */ = {isa = PBXFileReference; lastKnownFileType = image.png; name = pressureButtonOff.png; path = Buttons/pressureButtonOff.png; sourceTree = SOURCE_ROOT; };
		25A954BF1E59E12600EC93D6 /* pressureButtonOn.png */ = {isa = PBXFileReference; lastKnownFileType = image.png; name = pressureButtonOn.png; path = Buttons/pressureButtonOn.png; sourceTree = SOURCE_ROOT; };
		25A954C01E59E12600EC93D6 /* temperatureButtonOff.png */ = {isa = PBXFileReference; lastKnownFileType = image.png; name = temperatureButtonOff.png; path = Buttons/temperatureButtonOff.png; sourceTree = SOURCE_ROOT; };
		25A954C11E59E12600EC93D6 /* temperatureButtonOn.png */ = {isa = PBXFileReference; lastKnownFileType = image.png; name = temperatureButtonOn.png; path = Buttons/temperatureButtonOn.png; sourceTree = SOURCE_ROOT; };
		25A954C21E59E12600EC93D6 /* windButtonOff.png */ = {isa = PBXFileReference; lastKnownFileType = image.png; name = windButtonOff.png; path = Buttons/windButtonOff.png; sourceTree = SOURCE_ROOT; };
		25A954C31E59E12600EC93D6 /* windButtonOn.png */ = {isa = PBXFileReference; lastKnownFileType = image.png; name = windButtonOn.png; path = Buttons/windButtonOn.png; sourceTree = SOURCE_ROOT; };
		25DCFEC51E78246E000D8B5F /* weatherpredicting.jpg */ = {isa = PBXFileReference; lastKnownFileType = image.jpeg; name = weatherpredicting.jpg; path = Image/weatherpredicting.jpg; sourceTree = SOURCE_ROOT; };
		481E46661E48F9250028E574 /* WeatherTestApp.app */ = {isa = PBXFileReference; explicitFileType = wrapper.application; includeInIndex = 0; path = WeatherTestApp.app; sourceTree = BUILT_PRODUCTS_DIR; };
		481E46691E48F9250028E574 /* AppDelegate.swift */ = {isa = PBXFileReference; lastKnownFileType = sourcecode.swift; path = AppDelegate.swift; sourceTree = "<group>"; };
		481E466B1E48F9250028E574 /* ViewController.swift */ = {isa = PBXFileReference; lastKnownFileType = sourcecode.swift; path = ViewController.swift; sourceTree = "<group>"; };
		481E466E1E48F9250028E574 /* Base */ = {isa = PBXFileReference; lastKnownFileType = file.storyboard; name = Base; path = Base.lproj/Main.storyboard; sourceTree = "<group>"; };
		481E46701E48F9250028E574 /* Assets.xcassets */ = {isa = PBXFileReference; lastKnownFileType = folder.assetcatalog; path = Assets.xcassets; sourceTree = "<group>"; };
		481E46731E48F9250028E574 /* Base */ = {isa = PBXFileReference; lastKnownFileType = file.storyboard; name = Base; path = Base.lproj/LaunchScreen.storyboard; sourceTree = "<group>"; };
		481E46751E48F9250028E574 /* Info.plist */ = {isa = PBXFileReference; lastKnownFileType = text.plist.xml; path = Info.plist; sourceTree = "<group>"; };
/* End PBXFileReference section */

/* Begin PBXFrameworksBuildPhase section */
		481E46631E48F9250028E574 /* Frameworks */ = {
			isa = PBXFrameworksBuildPhase;
			buildActionMask = 2147483647;
			files = (
			);
			runOnlyForDeploymentPostprocessing = 0;
		};
/* End PBXFrameworksBuildPhase section */

/* Begin PBXGroup section */
		2548E5BA1E6453BF00BF670D /* Icons */ = {
			isa = PBXGroup;
			children = (
				2548E5BB1E6453D200BF670D /* Icon-60@2x.png */,
				2548E5BC1E6453D200BF670D /* Icon-60@3x.png */,
			);
			name = Icons;
			sourceTree = "<group>";
		};
		2548E5BF1E64578F00BF670D /* Supporting files */ = {
			isa = PBXGroup;
			children = (
				481E46701E48F9250028E574 /* Assets.xcassets */,
				481E46721E48F9250028E574 /* LaunchScreen.storyboard */,
				481E46751E48F9250028E574 /* Info.plist */,
			);
			name = "Supporting files";
			sourceTree = "<group>";
		};
		25A9549F1E59DA2600EC93D6 /* Buttons */ = {
			isa = PBXGroup;
			children = (
				25A954B81E59E12600EC93D6 /* mapButtonOff.png */,
				25A954B91E59E12600EC93D6 /* mapButtonOn.png */,
				25A954BA1E59E12600EC93D6 /* moreButtonOff.png */,
				25A954BB1E59E12600EC93D6 /* moreButtonOn.png */,
				25A954BC1E59E12600EC93D6 /* precipitationButtonOff.png */,
				25A954BD1E59E12600EC93D6 /* precipitationButtonOn.png */,
				25A954BE1E59E12600EC93D6 /* pressureButtonOff.png */,
				25A954BF1E59E12600EC93D6 /* pressureButtonOn.png */,
				25A954C01E59E12600EC93D6 /* temperatureButtonOff.png */,
				25A954C11E59E12600EC93D6 /* temperatureButtonOn.png */,
				25A954C21E59E12600EC93D6 /* windButtonOff.png */,
				25A954C31E59E12600EC93D6 /* windButtonOn.png */,
			);
			name = Buttons;
			sourceTree = "<group>";
		};
		25DCFEC41E782421000D8B5F /* Picture */ = {
			isa = PBXGroup;
			children = (
				25DCFEC51E78246E000D8B5F /* weatherpredicting.jpg */,
			);
			name = Picture;
			sourceTree = "<group>";
		};
		481E465D1E48F9250028E574 = {
			isa = PBXGroup;
			children = (
				481E46681E48F9250028E574 /* WeatherTestApp */,
			);
			sourceTree = "<group>";
		};
		481E46671E48F9250028E574 /* Products */ = {
			isa = PBXGroup;
			children = (
				481E46661E48F9250028E574 /* WeatherTestApp.app */,
			);
			name = Products;
			path = ..;
			sourceTree = "<group>";
		};
		481E46681E48F9250028E574 /* WeatherTestApp */ = {
			isa = PBXGroup;
			children = (
				481E46691E48F9250028E574 /* AppDelegate.swift */,
				481E466B1E48F9250028E574 /* ViewController.swift */,
				259DF5311E5380B6004C38B7 /* WeatherParser.swift */,
				259DF5331E5380CE004C38B7 /* WeatherAnnotation.swift */,
				25A39E481E562196007912F7 /* CustomViewController.swift */,
				481E466D1E48F9250028E574 /* Main.storyboard */,
				25DCFEC41E782421000D8B5F /* Picture */,
				2548E5BA1E6453BF00BF670D /* Icons */,
				2548E5BF1E64578F00BF670D /* Supporting files */,
				481E46671E48F9250028E574 /* Products */,
				25A9549F1E59DA2600EC93D6 /* Buttons */,
			);
			path = WeatherTestApp;
			sourceTree = "<group>";
		};
/* End PBXGroup section */

/* Begin PBXNativeTarget section */
		481E46651E48F9250028E574 /* WeatherTestApp */ = {
			isa = PBXNativeTarget;
			buildConfigurationList = 481E46781E48F9250028E574 /* Build configuration list for PBXNativeTarget "WeatherTestApp" */;
			buildPhases = (
				481E46621E48F9250028E574 /* Sources */,
				481E46631E48F9250028E574 /* Frameworks */,
				481E46641E48F9250028E574 /* Resources */,
			);
			buildRules = (
			);
			dependencies = (
			);
			name = WeatherTestApp;
			productName = WeatherTestApp;
			productReference = 481E46661E48F9250028E574 /* WeatherTestApp.app */;
			productType = "com.apple.product-type.application";
		};
/* End PBXNativeTarget section */

/* Begin PBXProject section */
		481E465E1E48F9250028E574 /* Project object */ = {
			isa = PBXProject;
			attributes = {
				LastSwiftUpdateCheck = 0810;
				LastUpgradeCheck = 0820;
				ORGANIZATIONNAME = "Oleksiy Bilyi";
				TargetAttributes = {
					481E46651E48F9250028E574 = {
						CreatedOnToolsVersion = 8.1;
						DevelopmentTeam = MG2T55V3SN;
						ProvisioningStyle = Automatic;
					};
				};
			};
			buildConfigurationList = 481E46611E48F9250028E574 /* Build configuration list for PBXProject "WeatherTestApp" */;
			compatibilityVersion = "Xcode 3.2";
			developmentRegion = English;
			hasScannedForEncodings = 0;
			knownRegions = (
				en,
				Base,
			);
			mainGroup = 481E465D1E48F9250028E574;
			productRefGroup = 481E46671E48F9250028E574 /* Products */;
			projectDirPath = "";
			projectRoot = "";
			targets = (
				481E46651E48F9250028E574 /* WeatherTestApp */,
			);
		};
/* End PBXProject section */

/* Begin PBXResourcesBuildPhase section */
		481E46641E48F9250028E574 /* Resources */ = {
			isa = PBXResourcesBuildPhase;
			buildActionMask = 2147483647;
			files = (
				25A954C41E59E12600EC93D6 /* mapButtonOff.png in Resources */,
				25DCFEC61E78246E000D8B5F /* weatherpredicting.jpg in Resources */,
				481E46741E48F9250028E574 /* LaunchScreen.storyboard in Resources */,
				25A954CF1E59E12600EC93D6 /* windButtonOn.png in Resources */,
				25A954C61E59E12600EC93D6 /* moreButtonOff.png in Resources */,
				481E46711E48F9250028E574 /* Assets.xcassets in Resources */,
				25A954CC1E59E12600EC93D6 /* temperatureButtonOff.png in Resources */,
				25A954CB1E59E12600EC93D6 /* pressureButtonOn.png in Resources */,
				2548E5BD1E6453D200BF670D /* Icon-60@2x.png in Resources */,
				25A954CA1E59E12600EC93D6 /* pressureButtonOff.png in Resources */,
				25A954CE1E59E12600EC93D6 /* windButtonOff.png in Resources */,
				481E466F1E48F9250028E574 /* Main.storyboard in Resources */,
				25A954C71E59E12600EC93D6 /* moreButtonOn.png in Resources */,
				25A954C51E59E12600EC93D6 /* mapButtonOn.png in Resources */,
				25A954CD1E59E12600EC93D6 /* temperatureButtonOn.png in Resources */,
				25A954C91E59E12600EC93D6 /* precipitationButtonOn.png in Resources */,
				2548E5BE1E6453D200BF670D /* Icon-60@3x.png in Resources */,
				25A954C81E59E12600EC93D6 /* precipitationButtonOff.png in Resources */,
			);
			runOnlyForDeploymentPostprocessing = 0;
		};
/* End PBXResourcesBuildPhase section */

/* Begin PBXSourcesBuildPhase section */
		481E46621E48F9250028E574 /* Sources */ = {
			isa = PBXSourcesBuildPhase;
			buildActionMask = 2147483647;
			files = (
				481E466C1E48F9250028E574 /* ViewController.swift in Sources */,
				259DF5341E5380CE004C38B7 /* WeatherAnnotation.swift in Sources */,
				25A39E491E562196007912F7 /* CustomViewController.swift in Sources */,
				259DF5321E5380B6004C38B7 /* WeatherParser.swift in Sources */,
				481E466A1E48F9250028E574 /* AppDelegate.swift in Sources */,
			);
			runOnlyForDeploymentPostprocessing = 0;
		};
/* End PBXSourcesBuildPhase section */

/* Begin PBXVariantGroup section */
		481E466D1E48F9250028E574 /* Main.storyboard */ = {
			isa = PBXVariantGroup;
			children = (
				481E466E1E48F9250028E574 /* Base */,
			);
			name = Main.storyboard;
			sourceTree = "<group>";
		};
		481E46721E48F9250028E574 /* LaunchScreen.storyboard */ = {
			isa = PBXVariantGroup;
			children = (
				481E46731E48F9250028E574 /* Base */,
			);
			name = LaunchScreen.storyboard;
			sourceTree = "<group>";
		};
/* End PBXVariantGroup section */

/* Begin XCBuildConfiguration section */
		481E46761E48F9250028E574 /* Debug */ = {
			isa = XCBuildConfiguration;
			buildSettings = {
				ALWAYS_SEARCH_USER_PATHS = NO;
				CLANG_ANALYZER_NONNULL = YES;
				CLANG_CXX_LANGUAGE_STANDARD = "gnu++0x";
				CLANG_CXX_LIBRARY = "libc++";
				CLANG_ENABLE_MODULES = YES;
				CLANG_ENABLE_OBJC_ARC = YES;
				CLANG_WARN_BOOL_CONVERSION = YES;
				CLANG_WARN_CONSTANT_CONVERSION = YES;
				CLANG_WARN_DIRECT_OBJC_ISA_USAGE = YES_ERROR;
				CLANG_WARN_DOCUMENTATION_COMMENTS = YES;
				CLANG_WARN_EMPTY_BODY = YES;
				CLANG_WARN_ENUM_CONVERSION = YES;
				CLANG_WARN_INFINITE_RECURSION = YES;
				CLANG_WARN_INT_CONVERSION = YES;
				CLANG_WARN_OBJC_ROOT_CLASS = YES_ERROR;
				CLANG_WARN_SUSPICIOUS_MOVE = YES;
				CLANG_WARN_SUSPICIOUS_MOVES = YES;
				CLANG_WARN_UNREACHABLE_CODE = YES;
				CLANG_WARN__DUPLICATE_METHOD_MATCH = YES;
				"CODE_SIGN_IDENTITY[sdk=iphoneos*]" = "iPhone Developer";
				COPY_PHASE_STRIP = NO;
				DEBUG_INFORMATION_FORMAT = dwarf;
				ENABLE_STRICT_OBJC_MSGSEND = YES;
				ENABLE_TESTABILITY = YES;
				GCC_C_LANGUAGE_STANDARD = gnu99;
				GCC_DYNAMIC_NO_PIC = NO;
				GCC_NO_COMMON_BLOCKS = YES;
				GCC_OPTIMIZATION_LEVEL = 0;
				GCC_PREPROCESSOR_DEFINITIONS = (
					"DEBUG=1",
					"$(inherited)",
				);
				GCC_WARN_64_TO_32_BIT_CONVERSION = YES;
				GCC_WARN_ABOUT_RETURN_TYPE = YES_ERROR;
				GCC_WARN_UNDECLARED_SELECTOR = YES;
				GCC_WARN_UNINITIALIZED_AUTOS = YES_AGGRESSIVE;
				GCC_WARN_UNUSED_FUNCTION = YES;
				GCC_WARN_UNUSED_VARIABLE = YES;
				IPHONEOS_DEPLOYMENT_TARGET = 10.1;
				MTL_ENABLE_DEBUG_INFO = YES;
				ONLY_ACTIVE_ARCH = YES;
				SDKROOT = iphoneos;
				SWIFT_ACTIVE_COMPILATION_CONDITIONS = DEBUG;
				SWIFT_OPTIMIZATION_LEVEL = "-Onone";
			};
			name = Debug;
		};
		481E46771E48F9250028E574 /* Release */ = {
			isa = XCBuildConfiguration;
			buildSettings = {
				ALWAYS_SEARCH_USER_PATHS = NO;
				CLANG_ANALYZER_NONNULL = YES;
				CLANG_CXX_LANGUAGE_STANDARD = "gnu++0x";
				CLANG_CXX_LIBRARY = "libc++";
				CLANG_ENABLE_MODULES = YES;
				CLANG_ENABLE_OBJC_ARC = YES;
				CLANG_WARN_BOOL_CONVERSION = YES;
				CLANG_WARN_CONSTANT_CONVERSION = YES;
				CLANG_WARN_DIRECT_OBJC_ISA_USAGE = YES_ERROR;
				CLANG_WARN_DOCUMENTATION_COMMENTS = YES;
				CLANG_WARN_EMPTY_BODY = YES;
				CLANG_WARN_ENUM_CONVERSION = YES;
				CLANG_WARN_INFINITE_RECURSION = YES;
				CLANG_WARN_INT_CONVERSION = YES;
				CLANG_WARN_OBJC_ROOT_CLASS = YES_ERROR;
				CLANG_WARN_SUSPICIOUS_MOVE = YES;
				CLANG_WARN_SUSPICIOUS_MOVES = YES;
				CLANG_WARN_UNREACHABLE_CODE = YES;
				CLANG_WARN__DUPLICATE_METHOD_MATCH = YES;
				"CODE_SIGN_IDENTITY[sdk=iphoneos*]" = "iPhone Developer";
				COPY_PHASE_STRIP = NO;
				DEBUG_INFORMATION_FORMAT = "dwarf-with-dsym";
				ENABLE_NS_ASSERTIONS = NO;
				ENABLE_STRICT_OBJC_MSGSEND = YES;
				GCC_C_LANGUAGE_STANDARD = gnu99;
				GCC_NO_COMMON_BLOCKS = YES;
				GCC_WARN_64_TO_32_BIT_CONVERSION = YES;
				GCC_WARN_ABOUT_RETURN_TYPE = YES_ERROR;
				GCC_WARN_UNDECLARED_SELECTOR = YES;
				GCC_WARN_UNINITIALIZED_AUTOS = YES_AGGRESSIVE;
				GCC_WARN_UNUSED_FUNCTION = YES;
				GCC_WARN_UNUSED_VARIABLE = YES;
				IPHONEOS_DEPLOYMENT_TARGET = 10.1;
				MTL_ENABLE_DEBUG_INFO = NO;
				SDKROOT = iphoneos;
				SWIFT_OPTIMIZATION_LEVEL = "-Owholemodule";
				VALIDATE_PRODUCT = YES;
			};
			name = Release;
		};
		481E46791E48F9250028E574 /* Debug */ = {
			isa = XCBuildConfiguration;
			buildSettings = {
				ASSETCATALOG_COMPILER_APPICON_NAME = AppIcon;
				ASSETCATALOG_COMPILER_LAUNCHIMAGE_NAME = LaunchImage;
				DEVELOPMENT_TEAM = MG2T55V3SN;
				INFOPLIST_FILE = WeatherTestApp/Info.plist;
				LD_RUNPATH_SEARCH_PATHS = "$(inherited) @executable_path/Frameworks";
				PRODUCT_BUNDLE_IDENTIFIER = WeatherApp;
				PRODUCT_NAME = "$(TARGET_NAME)";
				SWIFT_VERSION = 3.0;
			};
			name = Debug;
		};
		481E467A1E48F9250028E574 /* Release */ = {
			isa = XCBuildConfiguration;
			buildSettings = {
				ASSETCATALOG_COMPILER_APPICON_NAME = AppIcon;
				ASSETCATALOG_COMPILER_LAUNCHIMAGE_NAME = LaunchImage;
				DEVELOPMENT_TEAM = MG2T55V3SN;
				INFOPLIST_FILE = WeatherTestApp/Info.plist;
				LD_RUNPATH_SEARCH_PATHS = "$(inherited) @executable_path/Frameworks";
				PRODUCT_BUNDLE_IDENTIFIER = WeatherApp;
				PRODUCT_NAME = "$(TARGET_NAME)";
				SWIFT_VERSION = 3.0;
			};
			name = Release;
		};
/* End XCBuildConfiguration section */

/* Begin XCConfigurationList section */
		481E46611E48F9250028E574 /* Build configuration list for PBXProject "WeatherTestApp" */ = {
			isa = XCConfigurationList;
			buildConfigurations = (
				481E46761E48F9250028E574 /* Debug */,
				481E46771E48F9250028E574 /* Release */,
			);
			defaultConfigurationIsVisible = 0;
			defaultConfigurationName = Release;
		};
		481E46781E48F9250028E574 /* Build configuration list for PBXNativeTarget "WeatherTestApp" */ = {
			isa = XCConfigurationList;
			buildConfigurations = (
				481E46791E48F9250028E574 /* Debug */,
				481E467A1E48F9250028E574 /* Release */,
			);
			defaultConfigurationIsVisible = 0;
			defaultConfigurationName = Release;
		};
/* End XCConfigurationList section */
	};
	rootObject = 481E465E1E48F9250028E574 /* Project object */;
}
